// !$*UTF8*$!
{
	archiveVersion = 1;
	classes = {
	};
	objectVersion = 46;
	objects = {

/* Begin PBXBuildFile section */
		370F99641E65FBC600BC6EAB /* AppDelegate.swift in Sources */ = {isa = PBXBuildFile; fileRef = 370F99631E65FBC600BC6EAB /* AppDelegate.swift */; };
		370F996A1E65FBC600BC6EAB /* GameScene.swift in Sources */ = {isa = PBXBuildFile; fileRef = 370F99691E65FBC600BC6EAB /* GameScene.swift */; };
		370F996C1E65FBC600BC6EAB /* GameViewController.swift in Sources */ = {isa = PBXBuildFile; fileRef = 370F996B1E65FBC600BC6EAB /* GameViewController.swift */; };
		370F996F1E65FBC600BC6EAB /* Main.storyboard in Resources */ = {isa = PBXBuildFile; fileRef = 370F996D1E65FBC600BC6EAB /* Main.storyboard */; };
		370F99711E65FBC600BC6EAB /* Assets.xcassets in Resources */ = {isa = PBXBuildFile; fileRef = 370F99701E65FBC600BC6EAB /* Assets.xcassets */; };
		370F99741E65FBC600BC6EAB /* LaunchScreen.storyboard in Resources */ = {isa = PBXBuildFile; fileRef = 370F99721E65FBC600BC6EAB /* LaunchScreen.storyboard */; };
		3720F1261EBF7E6300852623 /* theBoldFont.ttf in Resources */ = {isa = PBXBuildFile; fileRef = 3720F1251EBF7E6300852623 /* theBoldFont.ttf */; };
		3720F1281EBF8E2000852623 /* GamoeOverScene.swift in Sources */ = {isa = PBXBuildFile; fileRef = 3720F1271EBF8E2000852623 /* GamoeOverScene.swift */; };
		37CF5C161E703BC600674282 /* missile_3.wav in Resources */ = {isa = PBXBuildFile; fileRef = 37CF5C151E703BC600674282 /* missile_3.wav */; };
/* End PBXBuildFile section */

/* Begin PBXFileReference section */
		370F99601E65FBC600BC6EAB /* Space Invaders Revamped.app */ = {isa = PBXFileReference; explicitFileType = wrapper.application; includeInIndex = 0; path = "Space Invaders Revamped.app"; sourceTree = BUILT_PRODUCTS_DIR; };
		370F99631E65FBC600BC6EAB /* AppDelegate.swift */ = {isa = PBXFileReference; lastKnownFileType = sourcecode.swift; path = AppDelegate.swift; sourceTree = "<group>"; };
		370F99691E65FBC600BC6EAB /* GameScene.swift */ = {isa = PBXFileReference; lastKnownFileType = sourcecode.swift; path = GameScene.swift; sourceTree = "<group>"; };
		370F996B1E65FBC600BC6EAB /* GameViewController.swift */ = {isa = PBXFileReference; lastKnownFileType = sourcecode.swift; path = GameViewController.swift; sourceTree = "<group>"; };
		370F996E1E65FBC600BC6EAB /* Base */ = {isa = PBXFileReference; lastKnownFileType = file.storyboard; name = Base; path = Base.lproj/Main.storyboard; sourceTree = "<group>"; };
		370F99701E65FBC600BC6EAB /* Assets.xcassets */ = {isa = PBXFileReference; lastKnownFileType = folder.assetcatalog; path = Assets.xcassets; sourceTree = "<group>"; };
		370F99731E65FBC600BC6EAB /* Base */ = {isa = PBXFileReference; lastKnownFileType = file.storyboard; name = Base; path = Base.lproj/LaunchScreen.storyboard; sourceTree = "<group>"; };
		370F99751E65FBC600BC6EAB /* Info.plist */ = {isa = PBXFileReference; lastKnownFileType = text.plist.xml; path = Info.plist; sourceTree = "<group>"; };
		370F997C1E65FDFA00BC6EAB /* Grade_11_Computer_Science_ISP_Proposal_-_Exemplar.docx */ = {isa = PBXFileReference; lastKnownFileType = file; path = "Grade_11_Computer_Science_ISP_Proposal_-_Exemplar.docx"; sourceTree = SOURCE_ROOT; };
		3720F1251EBF7E6300852623 /* theBoldFont.ttf */ = {isa = PBXFileReference; lastKnownFileType = file; path = theBoldFont.ttf; sourceTree = "<group>"; };
		3720F1271EBF8E2000852623 /* GamoeOverScene.swift */ = {isa = PBXFileReference; fileEncoding = 4; lastKnownFileType = sourcecode.swift; path = GamoeOverScene.swift; sourceTree = "<group>"; };
		37CF5C151E703BC600674282 /* missile_3.wav */ = {isa = PBXFileReference; lastKnownFileType = audio.wav; name = missile_3.wav; path = ../../../../../Downloads/missile_3.wav; sourceTree = "<group>"; };
		37E719941E9EA8B500960DDF /* Independent_Study_Project_-_Checkpoint_1.docx */ = {isa = PBXFileReference; lastKnownFileType = file; path = "Independent_Study_Project_-_Checkpoint_1.docx"; sourceTree = "<group>"; };
/* End PBXFileReference section */

/* Begin PBXFrameworksBuildPhase section */
		370F995D1E65FBC600BC6EAB /* Frameworks */ = {
			isa = PBXFrameworksBuildPhase;
			buildActionMask = 2147483647;
			files = (
			);
			runOnlyForDeploymentPostprocessing = 0;
		};
/* End PBXFrameworksBuildPhase section */

/* Begin PBXGroup section */
		370F99571E65FBC600BC6EAB = {
			isa = PBXGroup;
			children = (
				370F99621E65FBC600BC6EAB /* Space Invaders Revamped */,
				370F99611E65FBC600BC6EAB /* Products */,
			);
			sourceTree = "<group>";
		};
		370F99611E65FBC600BC6EAB /* Products */ = {
			isa = PBXGroup;
			children = (
				370F99601E65FBC600BC6EAB /* Space Invaders Revamped.app */,
			);
			name = Products;
			sourceTree = "<group>";
		};
		370F99621E65FBC600BC6EAB /* Space Invaders Revamped */ = {
			isa = PBXGroup;
			children = (
				370F997C1E65FDFA00BC6EAB /* Grade_11_Computer_Science_ISP_Proposal_-_Exemplar.docx */,
				37E719941E9EA8B500960DDF /* Independent_Study_Project_-_Checkpoint_1.docx */,
				370F99631E65FBC600BC6EAB /* AppDelegate.swift */,
				370F99691E65FBC600BC6EAB /* GameScene.swift */,
				3720F1271EBF8E2000852623 /* GamoeOverScene.swift */,
				37CF5C151E703BC600674282 /* missile_3.wav */,
				3720F1251EBF7E6300852623 /* theBoldFont.ttf */,
				370F996B1E65FBC600BC6EAB /* GameViewController.swift */,
				370F996D1E65FBC600BC6EAB /* Main.storyboard */,
				370F99701E65FBC600BC6EAB /* Assets.xcassets */,
				370F99721E65FBC600BC6EAB /* LaunchScreen.storyboard */,
				370F99751E65FBC600BC6EAB /* Info.plist */,
			);
			path = "Space Invaders Revamped";
			sourceTree = "<group>";
		};
/* End PBXGroup section */

/* Begin PBXNativeTarget section */
		370F995F1E65FBC600BC6EAB /* Space Invaders Revamped */ = {
			isa = PBXNativeTarget;
			buildConfigurationList = 370F99781E65FBC600BC6EAB /* Build configuration list for PBXNativeTarget "Space Invaders Revamped" */;
			buildPhases = (
				370F995C1E65FBC600BC6EAB /* Sources */,
				370F995D1E65FBC600BC6EAB /* Frameworks */,
				370F995E1E65FBC600BC6EAB /* Resources */,
			);
			buildRules = (
			);
			dependencies = (
			);
			name = "Space Invaders Revamped";
			productName = "Space Invaders Revamped";
			productReference = 370F99601E65FBC600BC6EAB /* Space Invaders Revamped.app */;
			productType = "com.apple.product-type.application";
		};
/* End PBXNativeTarget section */

/* Begin PBXProject section */
		370F99581E65FBC600BC6EAB /* Project object */ = {
			isa = PBXProject;
			attributes = {
				LastSwiftUpdateCheck = 0800;
				LastUpgradeCheck = 0800;
				ORGANIZATIONNAME = "Ryan Gajer";
				TargetAttributes = {
					370F995F1E65FBC600BC6EAB = {
						CreatedOnToolsVersion = 8.0;
						ProvisioningStyle = Automatic;
					};
				};
			};
			buildConfigurationList = 370F995B1E65FBC600BC6EAB /* Build configuration list for PBXProject "Space Invaders Revamped" */;
			compatibilityVersion = "Xcode 3.2";
			developmentRegion = English;
			hasScannedForEncodings = 0;
			knownRegions = (
				en,
				Base,
			);
			mainGroup = 370F99571E65FBC600BC6EAB;
			productRefGroup = 370F99611E65FBC600BC6EAB /* Products */;
			projectDirPath = "";
			projectRoot = "";
			targets = (
				370F995F1E65FBC600BC6EAB /* Space Invaders Revamped */,
			);
		};
/* End PBXProject section */

/* Begin PBXResourcesBuildPhase section */
		370F995E1E65FBC600BC6EAB /* Resources */ = {
			isa = PBXResourcesBuildPhase;
			buildActionMask = 2147483647;
			files = (
				370F996F1E65FBC600BC6EAB /* Main.storyboard in Resources */,
				3720F1261EBF7E6300852623 /* theBoldFont.ttf in Resources */,
				37CF5C161E703BC600674282 /* missile_3.wav in Resources */,
				370F99711E65FBC600BC6EAB /* Assets.xcassets in Resources */,
				370F99741E65FBC600BC6EAB /* LaunchScreen.storyboard in Resources */,
			);
			runOnlyForDeploymentPostprocessing = 0;
		};
/* End PBXResourcesBuildPhase section */

/* Begin PBXSourcesBuildPhase section */
		370F995C1E65FBC600BC6EAB /* Sources */ = {
			isa = PBXSourcesBuildPhase;
			buildActionMask = 2147483647;
			files = (
				370F996A1E65FBC600BC6EAB /* GameScene.swift in Sources */,
				370F996C1E65FBC600BC6EAB /* GameViewController.swift in Sources */,
				3720F1281EBF8E2000852623 /* GamoeOverScene.swift in Sources */,
				370F99641E65FBC600BC6EAB /* AppDelegate.swift in Sources */,
			);
			runOnlyForDeploymentPostprocessing = 0;
		};
/* End PBXSourcesBuildPhase section */

/* Begin PBXVariantGroup section */
		370F996D1E65FBC600BC6EAB /* Main.storyboard */ = {
			isa = PBXVariantGroup;
			children = (
				370F996E1E65FBC600BC6EAB /* Base */,
			);
			name = Main.storyboard;
			sourceTree = "<group>";
		};
		370F99721E65FBC600BC6EAB /* LaunchScreen.storyboard */ = {
			isa = PBXVariantGroup;
			children = (
				370F99731E65FBC600BC6EAB /* Base */,
			);
			name = LaunchScreen.storyboard;
			sourceTree = "<group>";
		};
/* End PBXVariantGroup section */

/* Begin XCBuildConfiguration section */
		370F99761E65FBC600BC6EAB /* Debug */ = {
			isa = XCBuildConfiguration;
			buildSettings = {
				ALWAYS_SEARCH_USER_PATHS = NO;
				CLANG_ANALYZER_NONNULL = YES;
				CLANG_CXX_LANGUAGE_STANDARD = "gnu++0x";
				CLANG_CXX_LIBRARY = "libc++";
				CLANG_ENABLE_MODULES = YES;
				CLANG_ENABLE_OBJC_ARC = YES;
				CLANG_WARN_BOOL_CONVERSION = YES;
				CLANG_WARN_CONSTANT_CONVERSION = YES;
				CLANG_WARN_DIRECT_OBJC_ISA_USAGE = YES_ERROR;
				CLANG_WARN_DOCUMENTATION_COMMENTS = YES;
				CLANG_WARN_EMPTY_BODY = YES;
				CLANG_WARN_ENUM_CONVERSION = YES;
				CLANG_WARN_INFINITE_RECURSION = YES;
				CLANG_WARN_INT_CONVERSION = YES;
				CLANG_WARN_OBJC_ROOT_CLASS = YES_ERROR;
				CLANG_WARN_SUSPICIOUS_MOVES = YES;
				CLANG_WARN_UNREACHABLE_CODE = YES;
				CLANG_WARN__DUPLICATE_METHOD_MATCH = YES;
				"CODE_SIGN_IDENTITY[sdk=iphoneos*]" = "iPhone Developer";
				COPY_PHASE_STRIP = NO;
				DEBUG_INFORMATION_FORMAT = dwarf;
				ENABLE_STRICT_OBJC_MSGSEND = YES;
				ENABLE_TESTABILITY = YES;
				GCC_C_LANGUAGE_STANDARD = gnu99;
				GCC_DYNAMIC_NO_PIC = NO;
				GCC_NO_COMMON_BLOCKS = YES;
				GCC_OPTIMIZATION_LEVEL = 0;
				GCC_PREPROCESSOR_DEFINITIONS = (
					"DEBUG=1",
					"$(inherited)",
				);
				GCC_WARN_64_TO_32_BIT_CONVERSION = YES;
				GCC_WARN_ABOUT_RETURN_TYPE = YES_ERROR;
				GCC_WARN_UNDECLARED_SELECTOR = YES;
				GCC_WARN_UNINITIALIZED_AUTOS = YES_AGGRESSIVE;
				GCC_WARN_UNUSED_FUNCTION = YES;
				GCC_WARN_UNUSED_VARIABLE = YES;
				IPHONEOS_DEPLOYMENT_TARGET = 10.0;
				MTL_ENABLE_DEBUG_INFO = YES;
				ONLY_ACTIVE_ARCH = YES;
				SDKROOT = iphoneos;
				SWIFT_ACTIVE_COMPILATION_CONDITIONS = DEBUG;
				SWIFT_OPTIMIZATION_LEVEL = "-Onone";
			};
			name = Debug;
		};
		370F99771E65FBC600BC6EAB /* Release */ = {
			isa = XCBuildConfiguration;
			buildSettings = {
				ALWAYS_SEARCH_USER_PATHS = NO;
				CLANG_ANALYZER_NONNULL = YES;
				CLANG_CXX_LANGUAGE_STANDARD = "gnu++0x";
				CLANG_CXX_LIBRARY = "libc++";
				CLANG_ENABLE_MODULES = YES;
				CLANG_ENABLE_OBJC_ARC = YES;
				CLANG_WARN_BOOL_CONVERSION = YES;
				CLANG_WARN_CONSTANT_CONVERSION = YES;
				CLANG_WARN_DIRECT_OBJC_ISA_USAGE = YES_ERROR;
				CLANG_WARN_DOCUMENTATION_COMMENTS = YES;
				CLANG_WARN_EMPTY_BODY = YES;
				CLANG_WARN_ENUM_CONVERSION = YES;
				CLANG_WARN_INFINITE_RECURSION = YES;
				CLANG_WARN_INT_CONVERSION = YES;
				CLANG_WARN_OBJC_ROOT_CLASS = YES_ERROR;
				CLANG_WARN_SUSPICIOUS_MOVES = YES;
				CLANG_WARN_UNREACHABLE_CODE = YES;
				CLANG_WARN__DUPLICATE_METHOD_MATCH = YES;
				"CODE_SIGN_IDENTITY[sdk=iphoneos*]" = "iPhone Developer";
				COPY_PHASE_STRIP = NO;
				DEBUG_INFORMATION_FORMAT = "dwarf-with-dsym";
				ENABLE_NS_ASSERTIONS = NO;
				ENABLE_STRICT_OBJC_MSGSEND = YES;
				GCC_C_LANGUAGE_STANDARD = gnu99;
				GCC_NO_COMMON_BLOCKS = YES;
				GCC_WARN_64_TO_32_BIT_CONVERSION = YES;
				GCC_WARN_ABOUT_RETURN_TYPE = YES_ERROR;
				GCC_WARN_UNDECLARED_SELECTOR = YES;
				GCC_WARN_UNINITIALIZED_AUTOS = YES_AGGRESSIVE;
				GCC_WARN_UNUSED_FUNCTION = YES;
				GCC_WARN_UNUSED_VARIABLE = YES;
				IPHONEOS_DEPLOYMENT_TARGET = 10.0;
				MTL_ENABLE_DEBUG_INFO = NO;
				SDKROOT = iphoneos;
				SWIFT_OPTIMIZATION_LEVEL = "-Owholemodule";
				VALIDATE_PRODUCT = YES;
			};
			name = Release;
		};
		370F99791E65FBC600BC6EAB /* Debug */ = {
			isa = XCBuildConfiguration;
			buildSettings = {
				ASSETCATALOG_COMPILER_APPICON_NAME = AppIcon;
				INFOPLIST_FILE = "Space Invaders Revamped/Info.plist";
				LD_RUNPATH_SEARCH_PATHS = "$(inherited) @executable_path/Frameworks";
				PRODUCT_BUNDLE_IDENTIFIER = "ca.on.rsgc.Space-Invaders-Revamped";
				PRODUCT_NAME = "$(TARGET_NAME)";
				SWIFT_VERSION = 3.0;
			};
			name = Debug;
		};
		370F997A1E65FBC600BC6EAB /* Release */ = {
			isa = XCBuildConfiguration;
			buildSettings = {
				ASSETCATALOG_COMPILER_APPICON_NAME = AppIcon;
				INFOPLIST_FILE = "Space Invaders Revamped/Info.plist";
				LD_RUNPATH_SEARCH_PATHS = "$(inherited) @executable_path/Frameworks";
				PRODUCT_BUNDLE_IDENTIFIER = "ca.on.rsgc.Space-Invaders-Revamped";
				PRODUCT_NAME = "$(TARGET_NAME)";
				SWIFT_VERSION = 3.0;
			};
			name = Release;
		};
/* End XCBuildConfiguration section */

/* Begin XCConfigurationList section */
		370F995B1E65FBC600BC6EAB /* Build configuration list for PBXProject "Space Invaders Revamped" */ = {
			isa = XCConfigurationList;
			buildConfigurations = (
				370F99761E65FBC600BC6EAB /* Debug */,
				370F99771E65FBC600BC6EAB /* Release */,
			);
			defaultConfigurationIsVisible = 0;
			defaultConfigurationName = Release;
		};
		370F99781E65FBC600BC6EAB /* Build configuration list for PBXNativeTarget "Space Invaders Revamped" */ = {
			isa = XCConfigurationList;
			buildConfigurations = (
				370F99791E65FBC600BC6EAB /* Debug */,
				370F997A1E65FBC600BC6EAB /* Release */,
			);
			defaultConfigurationIsVisible = 0;
			defaultConfigurationName = Release;
		};
/* End XCConfigurationList section */
	};
	rootObject = 370F99581E65FBC600BC6EAB /* Project object */;
}
